
Microsoft Visual Studio Solution File, Format Version 12.00
# Visual Studio Version 16
VisualStudioVersion = 16.0.29403.142
MinimumVisualStudioVersion = 10.0.40219.1
Project("{FAE04EC0-301F-11D3-BF4B-00C04F79EFBC}") = "Zach_Financial_Portal", "Zach_Financial_Portal\Zach_Financial_Portal.csproj", "{7D1E2AEE-4B61-4E0D-8AEB-DD245F045549}"
EndProject
Global
	GlobalSection(SolutionConfigurationPlatforms) = preSolution
		Debug|Any CPU = Debug|Any CPU
		Release|Any CPU = Release|Any CPU
	EndGlobalSection
	GlobalSection(ProjectConfigurationPlatforms) = postSolution
		{7D1E2AEE-4B61-4E0D-8AEB-DD245F045549}.Debug|Any CPU.ActiveCfg = Debug|Any CPU
		{7D1E2AEE-4B61-4E0D-8AEB-DD245F045549}.Debug|Any CPU.Build.0 = Debug|Any CPU
		{7D1E2AEE-4B61-4E0D-8AEB-DD245F045549}.Release|Any CPU.ActiveCfg = Release|Any CPU
		{7D1E2AEE-4B61-4E0D-8AEB-DD245F045549}.Release|Any CPU.Build.0 = Release|Any CPU
	EndGlobalSection
	GlobalSection(SolutionProperties) = preSolution
		HideSolutionNode = FALSE
	EndGlobalSection
	GlobalSection(ExtensibilityGlobals) = postSolution
		SolutionGuid = {A407A8A5-224C-4CC9-9479-A9A7A33E041B}
	EndGlobalSection
EndGlobal
